
Microsoft Visual Studio Solution File, Format Version 12.00
# Visual Studio Version 17
VisualStudioVersion = 17.13.35919.96 d17.13
MinimumVisualStudioVersion = 10.0.40219.1
Project("{FAE04EC0-301F-11D3-BF4B-00C04F79EFBC}") = "startupIdeasTracker", "startupIdeasTracker\startupIdeasTracker.csproj", "{2CD9AAEB-7FAC-4E85-92DE-861605373778}"
EndProject
Global
	GlobalSection(SolutionConfigurationPlatforms) = preSolution
		Debug|Any CPU = Debug|Any CPU
		Release|Any CPU = Release|Any CPU
	EndGlobalSection
	GlobalSection(ProjectConfigurationPlatforms) = postSolution
		{2CD9AAEB-7FAC-4E85-92DE-861605373778}.Debug|Any CPU.ActiveCfg = Debug|Any CPU
		{2CD9AAEB-7FAC-4E85-92DE-861605373778}.Debug|Any CPU.Build.0 = Debug|Any CPU
		{2CD9AAEB-7FAC-4E85-92DE-861605373778}.Release|Any CPU.ActiveCfg = Release|Any CPU
		{2CD9AAEB-7FAC-4E85-92DE-861605373778}.Release|Any CPU.Build.0 = Release|Any CPU
	EndGlobalSection
	GlobalSection(SolutionProperties) = preSolution
		HideSolutionNode = FALSE
	EndGlobalSection
	GlobalSection(ExtensibilityGlobals) = postSolution
		SolutionGuid = {04DAE3C5-6BF7-4997-8411-7FA27BDAD966}
	EndGlobalSection
EndGlobal
